PODS:
  - Alamofire (4.6.0)
  - GenericNetworking (0.1.5):
    - Alamofire
  - GzipSwift (4.0.4)
  - HuobiSwift (0.0.1):
    - GenericNetworking
    - GzipSwift
    - Starscream
  - Starscream (3.0.4)

DEPENDENCIES:
  - GzipSwift
  - HuobiSwift (from `DevelopmentPods/HuobiSwift`)
  - Starscream

EXTERNAL SOURCES:
  HuobiSwift:
    :path: DevelopmentPods/HuobiSwift

SPEC CHECKSUMS:
  Alamofire: f41a599bd63041760b26d393ec1069d9d7b917f4
  GenericNetworking: d91157a540adad6568bdce99383ac0be2182b41d
  GzipSwift: 1a5bc5f7827e09846b0635b5079f1224bc3b1c3a
  HuobiSwift: 63303c691da882ccd647b550272e69cda559d30d
  Starscream: f5da93fe6984c77b694366bf7299b7dc63a76f26

PODFILE CHECKSUM: 3971752957c2be0b2eb5c6561a08897e6893adfb

COCOAPODS: 1.4.0
